
Microsoft Visual Studio Solution File, Format Version 12.00
# Visual Studio Version 16
VisualStudioVersion = 16.0.29609.76
MinimumVisualStudioVersion = 10.0.40219.1
Project("{9A19103F-16F7-4668-BE54-9A1E7A4F7556}") = "DotNet.Gexf", "DotNet.Gexf\DotNet.Gexf.csproj", "{6F788C6A-8CCA-4D3F-8910-C513F9F23C08}"
EndProject
Project("{9A19103F-16F7-4668-BE54-9A1E7A4F7556}") = "DotNet.Gexf.UnitTests", "DotNet.Gexf.UnitTests\DotNet.Gexf.UnitTests.csproj", "{3E7F82AC-43C7-4CA5-8EC7-D96C5BA48A0E}"
EndProject
Global
	GlobalSection(SolutionConfigurationPlatforms) = preSolution
		Debug|Any CPU = Debug|Any CPU
		Release|Any CPU = Release|Any CPU
	EndGlobalSection
	GlobalSection(ProjectConfigurationPlatforms) = postSolution
		{6F788C6A-8CCA-4D3F-8910-C513F9F23C08}.Debug|Any CPU.ActiveCfg = Debug|Any CPU
		{6F788C6A-8CCA-4D3F-8910-C513F9F23C08}.Debug|Any CPU.Build.0 = Debug|Any CPU
		{6F788C6A-8CCA-4D3F-8910-C513F9F23C08}.Release|Any CPU.ActiveCfg = Release|Any CPU
		{6F788C6A-8CCA-4D3F-8910-C513F9F23C08}.Release|Any CPU.Build.0 = Release|Any CPU
		{3E7F82AC-43C7-4CA5-8EC7-D96C5BA48A0E}.Debug|Any CPU.ActiveCfg = Debug|Any CPU
		{3E7F82AC-43C7-4CA5-8EC7-D96C5BA48A0E}.Debug|Any CPU.Build.0 = Debug|Any CPU
		{3E7F82AC-43C7-4CA5-8EC7-D96C5BA48A0E}.Release|Any CPU.ActiveCfg = Release|Any CPU
		{3E7F82AC-43C7-4CA5-8EC7-D96C5BA48A0E}.Release|Any CPU.Build.0 = Release|Any CPU
	EndGlobalSection
	GlobalSection(SolutionProperties) = preSolution
		HideSolutionNode = FALSE
	EndGlobalSection
	GlobalSection(ExtensibilityGlobals) = postSolution
		SolutionGuid = {EFCD9A7A-E171-4415-B2C8-F16BB9374333}
	EndGlobalSection
EndGlobal
